// !$*UTF8*$!
{
	archiveVersion = 1;
	classes = {
	};
	objectVersion = 46;
	objects = {

/* Begin PBXBuildFile section */
		37FD18E5149F6BC000DD218A /* UIKit.framework in Frameworks */ = {isa = PBXBuildFile; fileRef = 37FD18E4149F6BC000DD218A /* UIKit.framework */; };
		37FD18E7149F6BC000DD218A /* Foundation.framework in Frameworks */ = {isa = PBXBuildFile; fileRef = 37FD18E6149F6BC000DD218A /* Foundation.framework */; };
		37FD18E9149F6BC000DD218A /* CoreGraphics.framework in Frameworks */ = {isa = PBXBuildFile; fileRef = 37FD18E8149F6BC000DD218A /* CoreGraphics.framework */; };
		37FD18EF149F6BC000DD218A /* InfoPlist.strings in Resources */ = {isa = PBXBuildFile; fileRef = 37FD18ED149F6BC000DD218A /* InfoPlist.strings */; };
		37FD18F1149F6BC000DD218A /* main.m in Sources */ = {isa = PBXBuildFile; fileRef = 37FD18F0149F6BC000DD218A /* main.m */; };
		37FD18F5149F6BC000DD218A /* AppDelegate.m in Sources */ = {isa = PBXBuildFile; fileRef = 37FD18F4149F6BC000DD218A /* AppDelegate.m */; };
		37FD18F8149F6BC000DD218A /* ViewController.m in Sources */ = {isa = PBXBuildFile; fileRef = 37FD18F7149F6BC000DD218A /* ViewController.m */; };
		37FD18FB149F6BC000DD218A /* ViewController.xib in Resources */ = {isa = PBXBuildFile; fileRef = 37FD18F9149F6BC000DD218A /* ViewController.xib */; };
/* End PBXBuildFile section */

/* Begin PBXFileReference section */
		37FD18E0149F6BC000DD218A /* Json5.app */ = {isa = PBXFileReference; explicitFileType = wrapper.application; includeInIndex = 0; path = Json5.app; sourceTree = BUILT_PRODUCTS_DIR; };
		37FD18E4149F6BC000DD218A /* UIKit.framework */ = {isa = PBXFileReference; lastKnownFileType = wrapper.framework; name = UIKit.framework; path = System/Library/Frameworks/UIKit.framework; sourceTree = SDKROOT; };
		37FD18E6149F6BC000DD218A /* Foundation.framework */ = {isa = PBXFileReference; lastKnownFileType = wrapper.framework; name = Foundation.framework; path = System/Library/Frameworks/Foundation.framework; sourceTree = SDKROOT; };
		37FD18E8149F6BC000DD218A /* CoreGraphics.framework */ = {isa = PBXFileReference; lastKnownFileType = wrapper.framework; name = CoreGraphics.framework; path = System/Library/Frameworks/CoreGraphics.framework; sourceTree = SDKROOT; };
		37FD18EC149F6BC000DD218A /* Json5-Info.plist */ = {isa = PBXFileReference; lastKnownFileType = text.plist.xml; path = "Json5-Info.plist"; sourceTree = "<group>"; };
		37FD18EE149F6BC000DD218A /* en */ = {isa = PBXFileReference; lastKnownFileType = text.plist.strings; name = en; path = en.lproj/InfoPlist.strings; sourceTree = "<group>"; };
		37FD18F0149F6BC000DD218A /* main.m */ = {isa = PBXFileReference; lastKnownFileType = sourcecode.c.objc; path = main.m; sourceTree = "<group>"; };
		37FD18F2149F6BC000DD218A /* Json5-Prefix.pch */ = {isa = PBXFileReference; lastKnownFileType = sourcecode.c.h; path = "Json5-Prefix.pch"; sourceTree = "<group>"; };
		37FD18F3149F6BC000DD218A /* AppDelegate.h */ = {isa = PBXFileReference; lastKnownFileType = sourcecode.c.h; path = AppDelegate.h; sourceTree = "<group>"; };
		37FD18F4149F6BC000DD218A /* AppDelegate.m */ = {isa = PBXFileReference; lastKnownFileType = sourcecode.c.objc; path = AppDelegate.m; sourceTree = "<group>"; };
		37FD18F6149F6BC000DD218A /* ViewController.h */ = {isa = PBXFileReference; lastKnownFileType = sourcecode.c.h; path = ViewController.h; sourceTree = "<group>"; };
		37FD18F7149F6BC000DD218A /* ViewController.m */ = {isa = PBXFileReference; lastKnownFileType = sourcecode.c.objc; path = ViewController.m; sourceTree = "<group>"; };
		37FD18FA149F6BC000DD218A /* en */ = {isa = PBXFileReference; lastKnownFileType = file.xib; name = en; path = en.lproj/ViewController.xib; sourceTree = "<group>"; };
/* End PBXFileReference section */

/* Begin PBXFrameworksBuildPhase section */
		37FD18DD149F6BC000DD218A /* Frameworks */ = {
			isa = PBXFrameworksBuildPhase;
			buildActionMask = 2147483647;
			files = (
				37FD18E5149F6BC000DD218A /* UIKit.framework in Frameworks */,
				37FD18E7149F6BC000DD218A /* Foundation.framework in Frameworks */,
				37FD18E9149F6BC000DD218A /* CoreGraphics.framework in Frameworks */,
			);
			runOnlyForDeploymentPostprocessing = 0;
		};
/* End PBXFrameworksBuildPhase section */

/* Begin PBXGroup section */
		37FD18D5149F6BC000DD218A = {
			isa = PBXGroup;
			children = (
				37FD18EA149F6BC000DD218A /* Json5 */,
				37FD18E3149F6BC000DD218A /* Frameworks */,
				37FD18E1149F6BC000DD218A /* Products */,
			);
			sourceTree = "<group>";
		};
		37FD18E1149F6BC000DD218A /* Products */ = {
			isa = PBXGroup;
			children = (
				37FD18E0149F6BC000DD218A /* Json5.app */,
			);
			name = Products;
			sourceTree = "<group>";
		};
		37FD18E3149F6BC000DD218A /* Frameworks */ = {
			isa = PBXGroup;
			children = (
				37FD18E4149F6BC000DD218A /* UIKit.framework */,
				37FD18E6149F6BC000DD218A /* Foundation.framework */,
				37FD18E8149F6BC000DD218A /* CoreGraphics.framework */,
			);
			name = Frameworks;
			sourceTree = "<group>";
		};
		37FD18EA149F6BC000DD218A /* Json5 */ = {
			isa = PBXGroup;
			children = (
				37FD18F3149F6BC000DD218A /* AppDelegate.h */,
				37FD18F4149F6BC000DD218A /* AppDelegate.m */,
				37FD18F6149F6BC000DD218A /* ViewController.h */,
				37FD18F7149F6BC000DD218A /* ViewController.m */,
				37FD18F9149F6BC000DD218A /* ViewController.xib */,
				37FD18EB149F6BC000DD218A /* Supporting Files */,
			);
			path = Json5;
			sourceTree = "<group>";
		};
		37FD18EB149F6BC000DD218A /* Supporting Files */ = {
			isa = PBXGroup;
			children = (
				37FD18EC149F6BC000DD218A /* Json5-Info.plist */,
				37FD18ED149F6BC000DD218A /* InfoPlist.strings */,
				37FD18F0149F6BC000DD218A /* main.m */,
				37FD18F2149F6BC000DD218A /* Json5-Prefix.pch */,
			);
			name = "Supporting Files";
			sourceTree = "<group>";
		};
/* End PBXGroup section */

/* Begin PBXNativeTarget section */
		37FD18DF149F6BC000DD218A /* Json5 */ = {
			isa = PBXNativeTarget;
			buildConfigurationList = 37FD18FE149F6BC000DD218A /* Build configuration list for PBXNativeTarget "Json5" */;
			buildPhases = (
				37FD18DC149F6BC000DD218A /* Sources */,
				37FD18DD149F6BC000DD218A /* Frameworks */,
				37FD18DE149F6BC000DD218A /* Resources */,
			);
			buildRules = (
			);
			dependencies = (
			);
			name = Json5;
			productName = Json5;
			productReference = 37FD18E0149F6BC000DD218A /* Json5.app */;
			productType = "com.apple.product-type.application";
		};
/* End PBXNativeTarget section */

/* Begin PBXProject section */
		37FD18D7149F6BC000DD218A /* Project object */ = {
			isa = PBXProject;
			attributes = {
				LastUpgradeCheck = 0420;
			};
			buildConfigurationList = 37FD18DA149F6BC000DD218A /* Build configuration list for PBXProject "Json5" */;
			compatibilityVersion = "Xcode 3.2";
			developmentRegion = English;
			hasScannedForEncodings = 0;
			knownRegions = (
				en,
			);
			mainGroup = 37FD18D5149F6BC000DD218A;
			productRefGroup = 37FD18E1149F6BC000DD218A /* Products */;
			projectDirPath = "";
			projectRoot = "";
			targets = (
				37FD18DF149F6BC000DD218A /* Json5 */,
			);
		};
/* End PBXProject section */

/* Begin PBXResourcesBuildPhase section */
		37FD18DE149F6BC000DD218A /* Resources */ = {
			isa = PBXResourcesBuildPhase;
			buildActionMask = 2147483647;
			files = (
				37FD18EF149F6BC000DD218A /* InfoPlist.strings in Resources */,
				37FD18FB149F6BC000DD218A /* ViewController.xib in Resources */,
			);
			runOnlyForDeploymentPostprocessing = 0;
		};
/* End PBXResourcesBuildPhase section */

/* Begin PBXSourcesBuildPhase section */
		37FD18DC149F6BC000DD218A /* Sources */ = {
			isa = PBXSourcesBuildPhase;
			buildActionMask = 2147483647;
			files = (
				37FD18F1149F6BC000DD218A /* main.m in Sources */,
				37FD18F5149F6BC000DD218A /* AppDelegate.m in Sources */,
				37FD18F8149F6BC000DD218A /* ViewController.m in Sources */,
			);
			runOnlyForDeploymentPostprocessing = 0;
		};
/* End PBXSourcesBuildPhase section */

/* Begin PBXVariantGroup section */
		37FD18ED149F6BC000DD218A /* InfoPlist.strings */ = {
			isa = PBXVariantGroup;
			children = (
				37FD18EE149F6BC000DD218A /* en */,
			);
			name = InfoPlist.strings;
			sourceTree = "<group>";
		};
		37FD18F9149F6BC000DD218A /* ViewController.xib */ = {
			isa = PBXVariantGroup;
			children = (
				37FD18FA149F6BC000DD218A /* en */,
			);
			name = ViewController.xib;
			sourceTree = "<group>";
		};
/* End PBXVariantGroup section */

/* Begin XCBuildConfiguration section */
		37FD18FC149F6BC000DD218A /* Debug */ = {
			isa = XCBuildConfiguration;
			buildSettings = {
				ALWAYS_SEARCH_USER_PATHS = NO;
				ARCHS = "$(ARCHS_STANDARD_32_BIT)";
				CLANG_ENABLE_OBJC_ARC = YES;
				"CODE_SIGN_IDENTITY[sdk=iphoneos*]" = "iPhone Developer";
				COPY_PHASE_STRIP = NO;
				GCC_C_LANGUAGE_STANDARD = gnu99;
				GCC_DYNAMIC_NO_PIC = NO;
				GCC_OPTIMIZATION_LEVEL = 0;
				GCC_PREPROCESSOR_DEFINITIONS = (
					"DEBUG=1",
					"$(inherited)",
				);
				GCC_SYMBOLS_PRIVATE_EXTERN = NO;
				GCC_VERSION = com.apple.compilers.llvm.clang.1_0;
				GCC_WARN_ABOUT_MISSING_PROTOTYPES = YES;
				GCC_WARN_ABOUT_RETURN_TYPE = YES;
				GCC_WARN_UNUSED_VARIABLE = YES;
				IPHONEOS_DEPLOYMENT_TARGET = 5.0;
				SDKROOT = iphoneos;
			};
			name = Debug;
		};
		37FD18FD149F6BC000DD218A /* Release */ = {
			isa = XCBuildConfiguration;
			buildSettings = {
				ALWAYS_SEARCH_USER_PATHS = NO;
				ARCHS = "$(ARCHS_STANDARD_32_BIT)";
				CLANG_ENABLE_OBJC_ARC = YES;
				"CODE_SIGN_IDENTITY[sdk=iphoneos*]" = "iPhone Developer";
				COPY_PHASE_STRIP = YES;
				GCC_C_LANGUAGE_STANDARD = gnu99;
				GCC_VERSION = com.apple.compilers.llvm.clang.1_0;
				GCC_WARN_ABOUT_MISSING_PROTOTYPES = YES;
				GCC_WARN_ABOUT_RETURN_TYPE = YES;
				GCC_WARN_UNUSED_VARIABLE = YES;
				IPHONEOS_DEPLOYMENT_TARGET = 5.0;
				OTHER_CFLAGS = "-DNS_BLOCK_ASSERTIONS=1";
				SDKROOT = iphoneos;
				VALIDATE_PRODUCT = YES;
			};
			name = Release;
		};
		37FD18FF149F6BC000DD218A /* Debug */ = {
			isa = XCBuildConfiguration;
			buildSettings = {
				GCC_PRECOMPILE_PREFIX_HEADER = YES;
				GCC_PREFIX_HEADER = "Json5/Json5-Prefix.pch";
				INFOPLIST_FILE = "Json5/Json5-Info.plist";
				PRODUCT_NAME = "$(TARGET_NAME)";
				WRAPPER_EXTENSION = app;
			};
			name = Debug;
		};
		37FD1900149F6BC000DD218A /* Release */ = {
			isa = XCBuildConfiguration;
			buildSettings = {
				GCC_PRECOMPILE_PREFIX_HEADER = YES;
				GCC_PREFIX_HEADER = "Json5/Json5-Prefix.pch";
				INFOPLIST_FILE = "Json5/Json5-Info.plist";
				PRODUCT_NAME = "$(TARGET_NAME)";
				WRAPPER_EXTENSION = app;
			};
			name = Release;
		};
/* End XCBuildConfiguration section */

/* Begin XCConfigurationList section */
		37FD18DA149F6BC000DD218A /* Build configuration list for PBXProject "Json5" */ = {
			isa = XCConfigurationList;
			buildConfigurations = (
				37FD18FC149F6BC000DD218A /* Debug */,
				37FD18FD149F6BC000DD218A /* Release */,
			);
			defaultConfigurationIsVisible = 0;
			defaultConfigurationName = Release;
		};
		37FD18FE149F6BC000DD218A /* Build configuration list for PBXNativeTarget "Json5" */ = {
			isa = XCConfigurationList;
			buildConfigurations = (
				37FD18FF149F6BC000DD218A /* Debug */,
				37FD1900149F6BC000DD218A /* Release */,
			);
			defaultConfigurationIsVisible = 0;
		};
/* End XCConfigurationList section */
	};
	rootObject = 37FD18D7149F6BC000DD218A /* Project object */;
}
